
Microsoft Visual Studio Solution File, Format Version 12.00
# Visual Studio Version 17
VisualStudioVersion = 17.2.32630.192
MinimumVisualStudioVersion = 10.0.40219.1
Project("{9A19103F-16F7-4668-BE54-9A1E7A4F7556}") = "Pumper2", "Pumper\Pumper2.csproj", "{99689DB8-0E0E-4657-9181-8260C2B1F07A}"
EndProject
Project("{9A19103F-16F7-4668-BE54-9A1E7A4F7556}") = "Account", "Account\Account.csproj", "{7F8B6CFD-BD68-46C4-9AA8-E10A3EB933D8}"
EndProject
Project("{9A19103F-16F7-4668-BE54-9A1E7A4F7556}") = "Account.Domain", "Account.Domain\Account.Domain.csproj", "{2C9A0F0B-AF46-4202-A60E-F48283D4A947}"
EndProject
Project("{9A19103F-16F7-4668-BE54-9A1E7A4F7556}") = "Pumper", "Clinic\Pumper.csproj", "{FB6074BB-E752-4F73-A9F7-559A9BB70EDB}"
EndProject
Project("{2150E333-8FDC-42A3-9474-1A3956D46DE8}") = "Solution Items", "Solution Items", "{965B5FD2-FD3C-424C-BDE3-0320572B661A}"
	ProjectSection(SolutionItems) = preProject
		Readme.txt = Readme.txt
	EndProjectSection
EndProject
Project("{9A19103F-16F7-4668-BE54-9A1E7A4F7556}") = "Clinic-test", "Clinic-test\Clinic-test.csproj", "{36EB7E45-71B3-41CB-8BEA-C17DF91A5BCC}"
EndProject
Project("{9A19103F-16F7-4668-BE54-9A1E7A4F7556}") = "Eventuous.TestHelpers", "test\Eventuous.TestHelpers\Eventuous.TestHelpers.csproj", "{976C8A6E-5050-462E-86B5-67CB4FB0ED66}"
EndProject
Project("{9A19103F-16F7-4668-BE54-9A1E7A4F7556}") = "Eventuous.Subscriptions", "..\..\..\..\Users\mwinick\source\repos\eventuous4\src\Core\src\Eventuous.Subscriptions\Eventuous.Subscriptions.csproj", "{07E1E790-B573-41A0-89CD-2B33AFC2C8AD}"
EndProject
Project("{9A19103F-16F7-4668-BE54-9A1E7A4F7556}") = "Eventuous", "..\..\..\..\Users\mwinick\source\repos\eventuous4\src\Core\src\Eventuous\Eventuous.csproj", "{1FD350DE-11EA-48C9-B472-3EED9581BD6B}"
EndProject
Project("{9A19103F-16F7-4668-BE54-9A1E7A4F7556}") = "Eventuous.Producers", "..\..\..\..\Users\mwinick\source\repos\eventuous4\src\Core\src\Eventuous.Producers\Eventuous.Producers.csproj", "{7E331639-90A1-495A-A510-FE72E0D75834}"
EndProject
Global
	GlobalSection(SolutionConfigurationPlatforms) = preSolution
		Debug|Any CPU = Debug|Any CPU
		Release|Any CPU = Release|Any CPU
	EndGlobalSection
	GlobalSection(ProjectConfigurationPlatforms) = postSolution
		{99689DB8-0E0E-4657-9181-8260C2B1F07A}.Debug|Any CPU.ActiveCfg = Debug|Any CPU
		{99689DB8-0E0E-4657-9181-8260C2B1F07A}.Debug|Any CPU.Build.0 = Debug|Any CPU
		{99689DB8-0E0E-4657-9181-8260C2B1F07A}.Release|Any CPU.ActiveCfg = Release|Any CPU
		{99689DB8-0E0E-4657-9181-8260C2B1F07A}.Release|Any CPU.Build.0 = Release|Any CPU
		{7F8B6CFD-BD68-46C4-9AA8-E10A3EB933D8}.Debug|Any CPU.ActiveCfg = Debug|Any CPU
		{7F8B6CFD-BD68-46C4-9AA8-E10A3EB933D8}.Debug|Any CPU.Build.0 = Debug|Any CPU
		{7F8B6CFD-BD68-46C4-9AA8-E10A3EB933D8}.Release|Any CPU.ActiveCfg = Release|Any CPU
		{7F8B6CFD-BD68-46C4-9AA8-E10A3EB933D8}.Release|Any CPU.Build.0 = Release|Any CPU
		{2C9A0F0B-AF46-4202-A60E-F48283D4A947}.Debug|Any CPU.ActiveCfg = Debug|Any CPU
		{2C9A0F0B-AF46-4202-A60E-F48283D4A947}.Debug|Any CPU.Build.0 = Debug|Any CPU
		{2C9A0F0B-AF46-4202-A60E-F48283D4A947}.Release|Any CPU.ActiveCfg = Release|Any CPU
		{2C9A0F0B-AF46-4202-A60E-F48283D4A947}.Release|Any CPU.Build.0 = Release|Any CPU
		{FB6074BB-E752-4F73-A9F7-559A9BB70EDB}.Debug|Any CPU.ActiveCfg = Debug|Any CPU
		{FB6074BB-E752-4F73-A9F7-559A9BB70EDB}.Debug|Any CPU.Build.0 = Debug|Any CPU
		{FB6074BB-E752-4F73-A9F7-559A9BB70EDB}.Release|Any CPU.ActiveCfg = Release|Any CPU
		{FB6074BB-E752-4F73-A9F7-559A9BB70EDB}.Release|Any CPU.Build.0 = Release|Any CPU
		{36EB7E45-71B3-41CB-8BEA-C17DF91A5BCC}.Debug|Any CPU.ActiveCfg = Debug|Any CPU
		{36EB7E45-71B3-41CB-8BEA-C17DF91A5BCC}.Debug|Any CPU.Build.0 = Debug|Any CPU
		{36EB7E45-71B3-41CB-8BEA-C17DF91A5BCC}.Release|Any CPU.ActiveCfg = Release|Any CPU
		{36EB7E45-71B3-41CB-8BEA-C17DF91A5BCC}.Release|Any CPU.Build.0 = Release|Any CPU
		{976C8A6E-5050-462E-86B5-67CB4FB0ED66}.Debug|Any CPU.ActiveCfg = Debug|Any CPU
		{976C8A6E-5050-462E-86B5-67CB4FB0ED66}.Debug|Any CPU.Build.0 = Debug|Any CPU
		{976C8A6E-5050-462E-86B5-67CB4FB0ED66}.Release|Any CPU.ActiveCfg = Release|Any CPU
		{976C8A6E-5050-462E-86B5-67CB4FB0ED66}.Release|Any CPU.Build.0 = Release|Any CPU
		{07E1E790-B573-41A0-89CD-2B33AFC2C8AD}.Debug|Any CPU.ActiveCfg = Debug|Any CPU
		{07E1E790-B573-41A0-89CD-2B33AFC2C8AD}.Debug|Any CPU.Build.0 = Debug|Any CPU
		{07E1E790-B573-41A0-89CD-2B33AFC2C8AD}.Release|Any CPU.ActiveCfg = Release|Any CPU
		{07E1E790-B573-41A0-89CD-2B33AFC2C8AD}.Release|Any CPU.Build.0 = Release|Any CPU
		{1FD350DE-11EA-48C9-B472-3EED9581BD6B}.Debug|Any CPU.ActiveCfg = Debug|Any CPU
		{1FD350DE-11EA-48C9-B472-3EED9581BD6B}.Debug|Any CPU.Build.0 = Debug|Any CPU
		{1FD350DE-11EA-48C9-B472-3EED9581BD6B}.Release|Any CPU.ActiveCfg = Release|Any CPU
		{1FD350DE-11EA-48C9-B472-3EED9581BD6B}.Release|Any CPU.Build.0 = Release|Any CPU
		{7E331639-90A1-495A-A510-FE72E0D75834}.Debug|Any CPU.ActiveCfg = Debug|Any CPU
		{7E331639-90A1-495A-A510-FE72E0D75834}.Debug|Any CPU.Build.0 = Debug|Any CPU
		{7E331639-90A1-495A-A510-FE72E0D75834}.Release|Any CPU.ActiveCfg = Release|Any CPU
		{7E331639-90A1-495A-A510-FE72E0D75834}.Release|Any CPU.Build.0 = Release|Any CPU
	EndGlobalSection
	GlobalSection(SolutionProperties) = preSolution
		HideSolutionNode = FALSE
	EndGlobalSection
	GlobalSection(ExtensibilityGlobals) = postSolution
		SolutionGuid = {FB600384-3D93-4EEE-87B9-066C6E8CBCB1}
	EndGlobalSection
EndGlobal
